// !$*UTF8*$!
{
	archiveVersion = 1;
	classes = {
	};
	objectVersion = 46;
	objects = {

/* Begin PBXBuildFile section */
		01F855DCBCA34294DF0086B2 /* Pods_SwiftyMavenlink_Tests.framework in Frameworks */ = {isa = PBXBuildFile; fileRef = 36C15A602212B349DE6D5D3A /* Pods_SwiftyMavenlink_Tests.framework */; };
		607FACEC1AFB9204008FA782 /* SwiftyMavenlinkTestBase.swift in Sources */ = {isa = PBXBuildFile; fileRef = 607FACEB1AFB9204008FA782 /* SwiftyMavenlinkTestBase.swift */; };
		DB1281781D14CFC4009FF732 /* Users.swift in Sources */ = {isa = PBXBuildFile; fileRef = DB1281771D14CFC4009FF732 /* Users.swift */; };
		DB12817A1D14D115009FF732 /* UsersTests.swift in Sources */ = {isa = PBXBuildFile; fileRef = DB1281791D14D115009FF732 /* UsersTests.swift */; };
		DB12817C1D14D365009FF732 /* users_single.json in Resources */ = {isa = PBXBuildFile; fileRef = DB12817B1D14D365009FF732 /* users_single.json */; };
		DB180D3F1D21CC8400A462D2 /* Stories.swift in Sources */ = {isa = PBXBuildFile; fileRef = DB180D3E1D21CC8400A462D2 /* Stories.swift */; };
		DB180D411D23251300A462D2 /* WorkspaceGroup.swift in Sources */ = {isa = PBXBuildFile; fileRef = DB180D401D23251300A462D2 /* WorkspaceGroup.swift */; };
		DB180D431D232A6300A462D2 /* workspace_groups.json in Resources */ = {isa = PBXBuildFile; fileRef = DB180D421D232A6300A462D2 /* workspace_groups.json */; };
		DB180D451D232A7800A462D2 /* workspace_groups_single.json in Resources */ = {isa = PBXBuildFile; fileRef = DB180D441D232A7800A462D2 /* workspace_groups_single.json */; };
		DB180D481D232AE700A462D2 /* WorkspaceGroupTests.swift in Sources */ = {isa = PBXBuildFile; fileRef = DB180D471D232AE700A462D2 /* WorkspaceGroupTests.swift */; };
		DB34A0611CE288000099941A /* MavenlinkSession.swift in Sources */ = {isa = PBXBuildFile; fileRef = DB34A0601CE288000099941A /* MavenlinkSession.swift */; };
		DB34DAE11CF4D895008663A6 /* TestUtils.swift in Sources */ = {isa = PBXBuildFile; fileRef = DB34DAE01CF4D895008663A6 /* TestUtils.swift */; };
		DB6741241CE29A0700EA71D2 /* TimeEntries.swift in Sources */ = {isa = PBXBuildFile; fileRef = DB6741231CE29A0700EA71D2 /* TimeEntries.swift */; };
		DB7537671CEF76E100E1FDDB /* MappableObjectTests.swift in Sources */ = {isa = PBXBuildFile; fileRef = DB7537661CEF76E100E1FDDB /* MappableObjectTests.swift */; };
		DB7537691CEF78F700E1FDDB /* WorkspaceTests.swift in Sources */ = {isa = PBXBuildFile; fileRef = DB7537681CEF78F700E1FDDB /* WorkspaceTests.swift */; };
		DB75376B1CEF790100E1FDDB /* TimeEntryTests.swift in Sources */ = {isa = PBXBuildFile; fileRef = DB75376A1CEF790100E1FDDB /* TimeEntryTests.swift */; };
		DB9C5F4C1CF41A3A008C8787 /* time_entries.json in Resources */ = {isa = PBXBuildFile; fileRef = DB9C5F491CF41A3A008C8787 /* time_entries.json */; };
		DB9C5F4D1CF41A3A008C8787 /* users.json in Resources */ = {isa = PBXBuildFile; fileRef = DB9C5F4A1CF41A3A008C8787 /* users.json */; };
		DB9C5F4E1CF41A3A008C8787 /* workspaces.json in Resources */ = {isa = PBXBuildFile; fileRef = DB9C5F4B1CF41A3A008C8787 /* workspaces.json */; };
		DBA655811CFA56680075A1D7 /* time_entries_single.json in Resources */ = {isa = PBXBuildFile; fileRef = DBA655801CFA56680075A1D7 /* time_entries_single.json */; };
		DBA655831CFA57A30075A1D7 /* workspaces_single.json in Resources */ = {isa = PBXBuildFile; fileRef = DBA655821CFA57A30075A1D7 /* workspaces_single.json */; };
		DBACE8EE1CE3DDB800F13572 /* PaginatableResultSet.swift in Sources */ = {isa = PBXBuildFile; fileRef = DBACE8ED1CE3DDB800F13572 /* PaginatableResultSet.swift */; };
		DBACE8F01CE5077300F13572 /* JSONTransformers.swift in Sources */ = {isa = PBXBuildFile; fileRef = DBACE8EF1CE5077300F13572 /* JSONTransformers.swift */; };
		DBACE8F21CE51BB200F13572 /* Workspaces.swift in Sources */ = {isa = PBXBuildFile; fileRef = DBACE8F11CE51BB200F13572 /* Workspaces.swift */; };
		DBB5FF551D1DD4FE000E8884 /* MavenlinkGenerics.swift in Sources */ = {isa = PBXBuildFile; fileRef = DBB5FF541D1DD4FE000E8884 /* MavenlinkGenerics.swift */; };
		DBBCCC761D3EE45A003F8B13 /* StoriesTests.swift in Sources */ = {isa = PBXBuildFile; fileRef = DBBCCC751D3EE45A003F8B13 /* StoriesTests.swift */; };
		DBBCCC791D3EE548003F8B13 /* stories_single.json in Resources */ = {isa = PBXBuildFile; fileRef = DBBCCC771D3EE548003F8B13 /* stories_single.json */; };
		DBBCCC7A1D3EE548003F8B13 /* stories.json in Resources */ = {isa = PBXBuildFile; fileRef = DBBCCC781D3EE548003F8B13 /* stories.json */; };
		DBE621B21D19B14200305909 /* MavenlinkResourceService.swift in Sources */ = {isa = PBXBuildFile; fileRef = DBE621B11D19B14200305909 /* MavenlinkResourceService.swift */; };
		DBEC7AA81CEF759600EC98E8 /* PaginatableTests.swift in Sources */ = {isa = PBXBuildFile; fileRef = DBEC7AA71CEF759600EC98E8 /* PaginatableTests.swift */; };
		DBFDDD441CFE2DEC00D9EBF5 /* JSONTransformersTests.swift in Sources */ = {isa = PBXBuildFile; fileRef = DBFDDD431CFE2DEC00D9EBF5 /* JSONTransformersTests.swift */; };
/* End PBXBuildFile section */

/* Begin PBXFileReference section */
		001A4B9B951269C94C6F160D /* Pods-SwiftyMavenlink_Tests.release.xcconfig */ = {isa = PBXFileReference; includeInIndex = 1; lastKnownFileType = text.xcconfig; name = "Pods-SwiftyMavenlink_Tests.release.xcconfig"; path = "Pods/Target Support Files/Pods-SwiftyMavenlink_Tests/Pods-SwiftyMavenlink_Tests.release.xcconfig"; sourceTree = "<group>"; };
		081EAE5D40B24FECF52C3C72 /* README.md */ = {isa = PBXFileReference; includeInIndex = 1; lastKnownFileType = net.daringfireball.markdown; name = README.md; path = ../README.md; sourceTree = "<group>"; };
		1FDB881B203A98CB5F5BB03C /* LICENSE */ = {isa = PBXFileReference; includeInIndex = 1; lastKnownFileType = text; name = LICENSE; path = ../LICENSE; sourceTree = "<group>"; };
		36C15A602212B349DE6D5D3A /* Pods_SwiftyMavenlink_Tests.framework */ = {isa = PBXFileReference; explicitFileType = wrapper.framework; includeInIndex = 0; path = Pods_SwiftyMavenlink_Tests.framework; sourceTree = BUILT_PRODUCTS_DIR; };
		40EBB9AB9919C8BE4513393C /* Pods-SwiftyMavenlink_Tests.debug.xcconfig */ = {isa = PBXFileReference; includeInIndex = 1; lastKnownFileType = text.xcconfig; name = "Pods-SwiftyMavenlink_Tests.debug.xcconfig"; path = "Pods/Target Support Files/Pods-SwiftyMavenlink_Tests/Pods-SwiftyMavenlink_Tests.debug.xcconfig"; sourceTree = "<group>"; };
		607FACE51AFB9204008FA782 /* SwiftyMavenlink_Tests.xctest */ = {isa = PBXFileReference; explicitFileType = wrapper.cfbundle; includeInIndex = 0; path = SwiftyMavenlink_Tests.xctest; sourceTree = BUILT_PRODUCTS_DIR; };
		607FACEA1AFB9204008FA782 /* Info.plist */ = {isa = PBXFileReference; lastKnownFileType = text.plist.xml; path = Info.plist; sourceTree = "<group>"; };
		607FACEB1AFB9204008FA782 /* SwiftyMavenlinkTestBase.swift */ = {isa = PBXFileReference; lastKnownFileType = sourcecode.swift; path = SwiftyMavenlinkTestBase.swift; sourceTree = "<group>"; };
		DB1281771D14CFC4009FF732 /* Users.swift */ = {isa = PBXFileReference; fileEncoding = 4; lastKnownFileType = sourcecode.swift; path = Users.swift; sourceTree = "<group>"; };
		DB1281791D14D115009FF732 /* UsersTests.swift */ = {isa = PBXFileReference; fileEncoding = 4; lastKnownFileType = sourcecode.swift; path = UsersTests.swift; sourceTree = "<group>"; };
		DB12817B1D14D365009FF732 /* users_single.json */ = {isa = PBXFileReference; fileEncoding = 4; lastKnownFileType = text.json; path = users_single.json; sourceTree = "<group>"; };
		DB180D3E1D21CC8400A462D2 /* Stories.swift */ = {isa = PBXFileReference; fileEncoding = 4; lastKnownFileType = sourcecode.swift; path = Stories.swift; sourceTree = "<group>"; };
		DB180D401D23251300A462D2 /* WorkspaceGroup.swift */ = {isa = PBXFileReference; fileEncoding = 4; lastKnownFileType = sourcecode.swift; path = WorkspaceGroup.swift; sourceTree = "<group>"; };
		DB180D421D232A6300A462D2 /* workspace_groups.json */ = {isa = PBXFileReference; fileEncoding = 4; lastKnownFileType = text.json; path = workspace_groups.json; sourceTree = "<group>"; };
		DB180D441D232A7800A462D2 /* workspace_groups_single.json */ = {isa = PBXFileReference; fileEncoding = 4; lastKnownFileType = text.json; path = workspace_groups_single.json; sourceTree = "<group>"; };
		DB180D471D232AE700A462D2 /* WorkspaceGroupTests.swift */ = {isa = PBXFileReference; fileEncoding = 4; lastKnownFileType = sourcecode.swift; path = WorkspaceGroupTests.swift; sourceTree = "<group>"; };
		DB34A0601CE288000099941A /* MavenlinkSession.swift */ = {isa = PBXFileReference; fileEncoding = 4; lastKnownFileType = sourcecode.swift; path = MavenlinkSession.swift; sourceTree = "<group>"; };
		DB34DAE01CF4D895008663A6 /* TestUtils.swift */ = {isa = PBXFileReference; fileEncoding = 4; lastKnownFileType = sourcecode.swift; path = TestUtils.swift; sourceTree = "<group>"; };
		DB6741211CE28FDA00EA71D2 /* Config.plist */ = {isa = PBXFileReference; fileEncoding = 4; lastKnownFileType = text.plist.xml; path = Config.plist; sourceTree = "<group>"; };
		DB6741231CE29A0700EA71D2 /* TimeEntries.swift */ = {isa = PBXFileReference; fileEncoding = 4; lastKnownFileType = sourcecode.swift; lineEnding = 0; path = TimeEntries.swift; sourceTree = "<group>"; };
		DB7537661CEF76E100E1FDDB /* MappableObjectTests.swift */ = {isa = PBXFileReference; fileEncoding = 4; lastKnownFileType = sourcecode.swift; path = MappableObjectTests.swift; sourceTree = "<group>"; };
		DB7537681CEF78F700E1FDDB /* WorkspaceTests.swift */ = {isa = PBXFileReference; fileEncoding = 4; lastKnownFileType = sourcecode.swift; path = WorkspaceTests.swift; sourceTree = "<group>"; };
		DB75376A1CEF790100E1FDDB /* TimeEntryTests.swift */ = {isa = PBXFileReference; fileEncoding = 4; lastKnownFileType = sourcecode.swift; path = TimeEntryTests.swift; sourceTree = "<group>"; };
		DB9C5F491CF41A3A008C8787 /* time_entries.json */ = {isa = PBXFileReference; fileEncoding = 4; lastKnownFileType = text.json; path = time_entries.json; sourceTree = "<group>"; };
		DB9C5F4A1CF41A3A008C8787 /* users.json */ = {isa = PBXFileReference; fileEncoding = 4; lastKnownFileType = text.json; path = users.json; sourceTree = "<group>"; };
		DB9C5F4B1CF41A3A008C8787 /* workspaces.json */ = {isa = PBXFileReference; fileEncoding = 4; lastKnownFileType = text.json; path = workspaces.json; sourceTree = "<group>"; };
		DBA655801CFA56680075A1D7 /* time_entries_single.json */ = {isa = PBXFileReference; fileEncoding = 4; lastKnownFileType = text.json; path = time_entries_single.json; sourceTree = "<group>"; };
		DBA655821CFA57A30075A1D7 /* workspaces_single.json */ = {isa = PBXFileReference; fileEncoding = 4; lastKnownFileType = text.json; path = workspaces_single.json; sourceTree = "<group>"; };
		DBACE8ED1CE3DDB800F13572 /* PaginatableResultSet.swift */ = {isa = PBXFileReference; fileEncoding = 4; lastKnownFileType = sourcecode.swift; lineEnding = 0; path = PaginatableResultSet.swift; sourceTree = "<group>"; };
		DBACE8EF1CE5077300F13572 /* JSONTransformers.swift */ = {isa = PBXFileReference; fileEncoding = 4; lastKnownFileType = sourcecode.swift; path = JSONTransformers.swift; sourceTree = "<group>"; };
		DBACE8F11CE51BB200F13572 /* Workspaces.swift */ = {isa = PBXFileReference; fileEncoding = 4; lastKnownFileType = sourcecode.swift; lineEnding = 0; path = Workspaces.swift; sourceTree = "<group>"; };
		DBB5FF541D1DD4FE000E8884 /* MavenlinkGenerics.swift */ = {isa = PBXFileReference; fileEncoding = 4; lastKnownFileType = sourcecode.swift; path = MavenlinkGenerics.swift; sourceTree = "<group>"; };
		DBBCCC751D3EE45A003F8B13 /* StoriesTests.swift */ = {isa = PBXFileReference; fileEncoding = 4; lastKnownFileType = sourcecode.swift; path = StoriesTests.swift; sourceTree = "<group>"; };
		DBBCCC771D3EE548003F8B13 /* stories_single.json */ = {isa = PBXFileReference; fileEncoding = 4; lastKnownFileType = text.json; path = stories_single.json; sourceTree = "<group>"; };
		DBBCCC781D3EE548003F8B13 /* stories.json */ = {isa = PBXFileReference; fileEncoding = 4; lastKnownFileType = text.json; path = stories.json; sourceTree = "<group>"; };
		DBE621B11D19B14200305909 /* MavenlinkResourceService.swift */ = {isa = PBXFileReference; fileEncoding = 4; lastKnownFileType = sourcecode.swift; path = MavenlinkResourceService.swift; sourceTree = "<group>"; };
		DBEC7AA71CEF759600EC98E8 /* PaginatableTests.swift */ = {isa = PBXFileReference; fileEncoding = 4; lastKnownFileType = sourcecode.swift; lineEnding = 0; path = PaginatableTests.swift; sourceTree = "<group>"; xcLanguageSpecificationIdentifier = xcode.lang.swift; };
		DBFDDD431CFE2DEC00D9EBF5 /* JSONTransformersTests.swift */ = {isa = PBXFileReference; fileEncoding = 4; lastKnownFileType = sourcecode.swift; path = JSONTransformersTests.swift; sourceTree = "<group>"; };
		F4FE5063E94272FEC43EE2CF /* SwiftyMavenlink.podspec */ = {isa = PBXFileReference; includeInIndex = 1; lastKnownFileType = text; name = SwiftyMavenlink.podspec; path = ../SwiftyMavenlink.podspec; sourceTree = "<group>"; };
/* End PBXFileReference section */

/* Begin PBXFrameworksBuildPhase section */
		607FACE21AFB9204008FA782 /* Frameworks */ = {
			isa = PBXFrameworksBuildPhase;
			buildActionMask = 2147483647;
			files = (
				01F855DCBCA34294DF0086B2 /* Pods_SwiftyMavenlink_Tests.framework in Frameworks */,
			);
			runOnlyForDeploymentPostprocessing = 0;
		};
/* End PBXFrameworksBuildPhase section */

/* Begin PBXGroup section */
		0D067D17A3FABA38562ED30E /* Frameworks */ = {
			isa = PBXGroup;
			children = (
				36C15A602212B349DE6D5D3A /* Pods_SwiftyMavenlink_Tests.framework */,
			);
			name = Frameworks;
			sourceTree = "<group>";
		};
		607FACC71AFB9204008FA782 = {
			isa = PBXGroup;
			children = (
				DB34A05F1CE287D70099941A /* Sources */,
				607FACF51AFB993E008FA782 /* Podspec Metadata */,
				607FACE81AFB9204008FA782 /* Tests */,
				607FACD11AFB9204008FA782 /* Products */,
				A1560ACACF564F69CBA1157B /* Pods */,
				0D067D17A3FABA38562ED30E /* Frameworks */,
			);
			sourceTree = "<group>";
		};
		607FACD11AFB9204008FA782 /* Products */ = {
			isa = PBXGroup;
			children = (
				607FACE51AFB9204008FA782 /* SwiftyMavenlink_Tests.xctest */,
			);
			name = Products;
			sourceTree = "<group>";
		};
		607FACE81AFB9204008FA782 /* Tests */ = {
			isa = PBXGroup;
			children = (
				DB9C5F481CF41A3A008C8787 /* Fixtures */,
				DB180D461D232AC500A462D2 /* Resource Tests */,
				DBFDDD431CFE2DEC00D9EBF5 /* JSONTransformersTests.swift */,
				DB7537661CEF76E100E1FDDB /* MappableObjectTests.swift */,
				DB34DAE01CF4D895008663A6 /* TestUtils.swift */,
				DBEC7AA71CEF759600EC98E8 /* PaginatableTests.swift */,
				607FACEB1AFB9204008FA782 /* SwiftyMavenlinkTestBase.swift */,
				607FACE91AFB9204008FA782 /* Supporting Files */,
			);
			path = Tests;
			sourceTree = "<group>";
		};
		607FACE91AFB9204008FA782 /* Supporting Files */ = {
			isa = PBXGroup;
			children = (
				607FACEA1AFB9204008FA782 /* Info.plist */,
				DB6741211CE28FDA00EA71D2 /* Config.plist */,
			);
			name = "Supporting Files";
			sourceTree = "<group>";
		};
		607FACF51AFB993E008FA782 /* Podspec Metadata */ = {
			isa = PBXGroup;
			children = (
				F4FE5063E94272FEC43EE2CF /* SwiftyMavenlink.podspec */,
				081EAE5D40B24FECF52C3C72 /* README.md */,
				1FDB881B203A98CB5F5BB03C /* LICENSE */,
			);
			name = "Podspec Metadata";
			sourceTree = "<group>";
		};
		A1560ACACF564F69CBA1157B /* Pods */ = {
			isa = PBXGroup;
			children = (
				40EBB9AB9919C8BE4513393C /* Pods-SwiftyMavenlink_Tests.debug.xcconfig */,
				001A4B9B951269C94C6F160D /* Pods-SwiftyMavenlink_Tests.release.xcconfig */,
			);
			name = Pods;
			sourceTree = "<group>";
		};
		DB180D461D232AC500A462D2 /* Resource Tests */ = {
			isa = PBXGroup;
			children = (
				DBBCCC751D3EE45A003F8B13 /* StoriesTests.swift */,
				DB75376A1CEF790100E1FDDB /* TimeEntryTests.swift */,
				DB7537681CEF78F700E1FDDB /* WorkspaceTests.swift */,
				DB1281791D14D115009FF732 /* UsersTests.swift */,
				DB180D471D232AE700A462D2 /* WorkspaceGroupTests.swift */,
			);
			name = "Resource Tests";
			sourceTree = "<group>";
		};
		DB34A05F1CE287D70099941A /* Sources */ = {
			isa = PBXGroup;
			children = (
				DB34A0601CE288000099941A /* MavenlinkSession.swift */,
				DBB5FF571D1DD543000E8884 /* Base Classes & Protocols */,
				DBB5FF561D1DD530000E8884 /* Resources */,
				DBB5FF581D1DD557000E8884 /* Utilities */,
			);
			name = Sources;
			path = ../Sources;
			sourceTree = "<group>";
		};
		DB9C5F481CF41A3A008C8787 /* Fixtures */ = {
			isa = PBXGroup;
			children = (
				DBBCCC771D3EE548003F8B13 /* stories_single.json */,
				DBBCCC781D3EE548003F8B13 /* stories.json */,
				DBA655801CFA56680075A1D7 /* time_entries_single.json */,
				DB9C5F491CF41A3A008C8787 /* time_entries.json */,
				DB9C5F4A1CF41A3A008C8787 /* users.json */,
				DB12817B1D14D365009FF732 /* users_single.json */,
				DBA655821CFA57A30075A1D7 /* workspaces_single.json */,
				DB9C5F4B1CF41A3A008C8787 /* workspaces.json */,
				DB180D421D232A6300A462D2 /* workspace_groups.json */,
				DB180D441D232A7800A462D2 /* workspace_groups_single.json */,
			);
			path = Fixtures;
			sourceTree = "<group>";
		};
		DBB5FF561D1DD530000E8884 /* Resources */ = {
			isa = PBXGroup;
			children = (
				DB180D3E1D21CC8400A462D2 /* Stories.swift */,
				DB6741231CE29A0700EA71D2 /* TimeEntries.swift */,
				DBACE8F11CE51BB200F13572 /* Workspaces.swift */,
				DB1281771D14CFC4009FF732 /* Users.swift */,
				DB180D401D23251300A462D2 /* WorkspaceGroup.swift */,
			);
			name = Resources;
			sourceTree = "<group>";
		};
		DBB5FF571D1DD543000E8884 /* Base Classes & Protocols */ = {
			isa = PBXGroup;
			children = (
				DBB5FF541D1DD4FE000E8884 /* MavenlinkGenerics.swift */,
				DBE621B11D19B14200305909 /* MavenlinkResourceService.swift */,
				DBACE8ED1CE3DDB800F13572 /* PaginatableResultSet.swift */,
			);
			name = "Base Classes & Protocols";
			sourceTree = "<group>";
		};
		DBB5FF581D1DD557000E8884 /* Utilities */ = {
			isa = PBXGroup;
			children = (
				DBACE8EF1CE5077300F13572 /* JSONTransformers.swift */,
			);
			name = Utilities;
			sourceTree = "<group>";
		};
/* End PBXGroup section */

/* Begin PBXNativeTarget section */
		607FACE41AFB9204008FA782 /* SwiftyMavenlink_Tests */ = {
			isa = PBXNativeTarget;
			buildConfigurationList = 607FACF21AFB9204008FA782 /* Build configuration list for PBXNativeTarget "SwiftyMavenlink_Tests" */;
			buildPhases = (
				78F906F085C370E1223C9849 /* [CP] Check Pods Manifest.lock */,
				607FACE11AFB9204008FA782 /* Sources */,
				607FACE21AFB9204008FA782 /* Frameworks */,
				607FACE31AFB9204008FA782 /* Resources */,
				4F03DFA1ED7B88B0A31D8C5F /* [CP] Embed Pods Frameworks */,
			);
			buildRules = (
			);
			dependencies = (
			);
			name = SwiftyMavenlink_Tests;
			productName = Tests;
			productReference = 607FACE51AFB9204008FA782 /* SwiftyMavenlink_Tests.xctest */;
			productType = "com.apple.product-type.bundle.unit-test";
		};
/* End PBXNativeTarget section */

/* Begin PBXProject section */
		607FACC81AFB9204008FA782 /* Project object */ = {
			isa = PBXProject;
			attributes = {
				LastSwiftUpdateCheck = 0720;
				LastUpgradeCheck = 1000;
				ORGANIZATIONNAME = CocoaPods;
				TargetAttributes = {
					607FACE41AFB9204008FA782 = {
						CreatedOnToolsVersion = 6.3.1;
						DevelopmentTeam = 47UH3S589T;
						LastSwiftMigration = 0830;
					};
				};
			};
			buildConfigurationList = 607FACCB1AFB9204008FA782 /* Build configuration list for PBXProject "SwiftyMavenlink" */;
			compatibilityVersion = "Xcode 3.2";
			developmentRegion = English;
			hasScannedForEncodings = 0;
			knownRegions = (
				en,
				Base,
			);
			mainGroup = 607FACC71AFB9204008FA782;
			productRefGroup = 607FACD11AFB9204008FA782 /* Products */;
			projectDirPath = "";
			projectRoot = "";
			targets = (
				607FACE41AFB9204008FA782 /* SwiftyMavenlink_Tests */,
			);
		};
/* End PBXProject section */

/* Begin PBXResourcesBuildPhase section */
		607FACE31AFB9204008FA782 /* Resources */ = {
			isa = PBXResourcesBuildPhase;
			buildActionMask = 2147483647;
			files = (
				DBA655811CFA56680075A1D7 /* time_entries_single.json in Resources */,
				DBBCCC7A1D3EE548003F8B13 /* stories.json in Resources */,
				DB180D431D232A6300A462D2 /* workspace_groups.json in Resources */,
				DBA655831CFA57A30075A1D7 /* workspaces_single.json in Resources */,
				DB180D451D232A7800A462D2 /* workspace_groups_single.json in Resources */,
				DBBCCC791D3EE548003F8B13 /* stories_single.json in Resources */,
				DB9C5F4E1CF41A3A008C8787 /* workspaces.json in Resources */,
				DB9C5F4C1CF41A3A008C8787 /* time_entries.json in Resources */,
				DB12817C1D14D365009FF732 /* users_single.json in Resources */,
				DB9C5F4D1CF41A3A008C8787 /* users.json in Resources */,
			);
			runOnlyForDeploymentPostprocessing = 0;
		};
/* End PBXResourcesBuildPhase section */

/* Begin PBXShellScriptBuildPhase section */
		4F03DFA1ED7B88B0A31D8C5F /* [CP] Embed Pods Frameworks */ = {
			isa = PBXShellScriptBuildPhase;
			buildActionMask = 2147483647;
			files = (
			);
			inputPaths = (
				"${SRCROOT}/Pods/Target Support Files/Pods-SwiftyMavenlink_Tests/Pods-SwiftyMavenlink_Tests-frameworks.sh",
				"${BUILT_PRODUCTS_DIR}/AsyncSwift/Async.framework",
				"${BUILT_PRODUCTS_DIR}/JSONRequest/JSONRequest.framework",
				"${BUILT_PRODUCTS_DIR}/Mockingjay/Mockingjay.framework",
				"${BUILT_PRODUCTS_DIR}/ObjectMapper/ObjectMapper.framework",
				"${BUILT_PRODUCTS_DIR}/SwiftyJSON/SwiftyJSON.framework",
				"${BUILT_PRODUCTS_DIR}/SwiftyMavenlink/SwiftyMavenlink.framework",
				"${BUILT_PRODUCTS_DIR}/URITemplate/URITemplate.framework",
			);
			name = "[CP] Embed Pods Frameworks";
			outputPaths = (
				"${TARGET_BUILD_DIR}/${FRAMEWORKS_FOLDER_PATH}/Async.framework",
				"${TARGET_BUILD_DIR}/${FRAMEWORKS_FOLDER_PATH}/JSONRequest.framework",
				"${TARGET_BUILD_DIR}/${FRAMEWORKS_FOLDER_PATH}/Mockingjay.framework",
				"${TARGET_BUILD_DIR}/${FRAMEWORKS_FOLDER_PATH}/ObjectMapper.framework",
				"${TARGET_BUILD_DIR}/${FRAMEWORKS_FOLDER_PATH}/SwiftyJSON.framework",
				"${TARGET_BUILD_DIR}/${FRAMEWORKS_FOLDER_PATH}/SwiftyMavenlink.framework",
				"${TARGET_BUILD_DIR}/${FRAMEWORKS_FOLDER_PATH}/URITemplate.framework",
			);
			runOnlyForDeploymentPostprocessing = 0;
			shellPath = /bin/sh;
			shellScript = "\"${SRCROOT}/Pods/Target Support Files/Pods-SwiftyMavenlink_Tests/Pods-SwiftyMavenlink_Tests-frameworks.sh\"\n";
			showEnvVarsInLog = 0;
		};
		78F906F085C370E1223C9849 /* [CP] Check Pods Manifest.lock */ = {
			isa = PBXShellScriptBuildPhase;
			buildActionMask = 2147483647;
			files = (
			);
			inputPaths = (
				"${PODS_PODFILE_DIR_PATH}/Podfile.lock",
				"${PODS_ROOT}/Manifest.lock",
			);
			name = "[CP] Check Pods Manifest.lock";
			outputPaths = (
				"$(DERIVED_FILE_DIR)/Pods-SwiftyMavenlink_Tests-checkManifestLockResult.txt",
			);
			runOnlyForDeploymentPostprocessing = 0;
			shellPath = /bin/sh;
			shellScript = "diff \"${PODS_PODFILE_DIR_PATH}/Podfile.lock\" \"${PODS_ROOT}/Manifest.lock\" > /dev/null\nif [ $? != 0 ] ; then\n    # print error to STDERR\n    echo \"error: The sandbox is not in sync with the Podfile.lock. Run 'pod install' or update your CocoaPods installation.\" >&2\n    exit 1\nfi\n# This output is used by Xcode 'outputs' to avoid re-running this script phase.\necho \"SUCCESS\" > \"${SCRIPT_OUTPUT_FILE_0}\"\n";
			showEnvVarsInLog = 0;
		};
/* End PBXShellScriptBuildPhase section */

/* Begin PBXSourcesBuildPhase section */
		607FACE11AFB9204008FA782 /* Sources */ = {
			isa = PBXSourcesBuildPhase;
			buildActionMask = 2147483647;
			files = (
				DBACE8F01CE5077300F13572 /* JSONTransformers.swift in Sources */,
				DBFDDD441CFE2DEC00D9EBF5 /* JSONTransformersTests.swift in Sources */,
				DB180D3F1D21CC8400A462D2 /* Stories.swift in Sources */,
				DBE621B21D19B14200305909 /* MavenlinkResourceService.swift in Sources */,
				DBACE8EE1CE3DDB800F13572 /* PaginatableResultSet.swift in Sources */,
				DB34A0611CE288000099941A /* MavenlinkSession.swift in Sources */,
				DB7537691CEF78F700E1FDDB /* WorkspaceTests.swift in Sources */,
				DBACE8F21CE51BB200F13572 /* Workspaces.swift in Sources */,
				DBB5FF551D1DD4FE000E8884 /* MavenlinkGenerics.swift in Sources */,
				DB180D411D23251300A462D2 /* WorkspaceGroup.swift in Sources */,
				607FACEC1AFB9204008FA782 /* SwiftyMavenlinkTestBase.swift in Sources */,
				DB34DAE11CF4D895008663A6 /* TestUtils.swift in Sources */,
				DB6741241CE29A0700EA71D2 /* TimeEntries.swift in Sources */,
				DBBCCC761D3EE45A003F8B13 /* StoriesTests.swift in Sources */,
				DB1281781D14CFC4009FF732 /* Users.swift in Sources */,
				DB7537671CEF76E100E1FDDB /* MappableObjectTests.swift in Sources */,
				DB75376B1CEF790100E1FDDB /* TimeEntryTests.swift in Sources */,
				DB12817A1D14D115009FF732 /* UsersTests.swift in Sources */,
				DB180D481D232AE700A462D2 /* WorkspaceGroupTests.swift in Sources */,
				DBEC7AA81CEF759600EC98E8 /* PaginatableTests.swift in Sources */,
			);
			runOnlyForDeploymentPostprocessing = 0;
		};
/* End PBXSourcesBuildPhase section */

/* Begin XCBuildConfiguration section */
		607FACED1AFB9204008FA782 /* Debug */ = {
			isa = XCBuildConfiguration;
			buildSettings = {
				ALWAYS_SEARCH_USER_PATHS = NO;
				CLANG_CXX_LANGUAGE_STANDARD = "gnu++0x";
				CLANG_CXX_LIBRARY = "libc++";
				CLANG_ENABLE_MODULES = YES;
				CLANG_ENABLE_OBJC_ARC = YES;
				CLANG_WARN_BLOCK_CAPTURE_AUTORELEASING = YES;
				CLANG_WARN_BOOL_CONVERSION = YES;
				CLANG_WARN_COMMA = YES;
				CLANG_WARN_CONSTANT_CONVERSION = YES;
				CLANG_WARN_DEPRECATED_OBJC_IMPLEMENTATIONS = YES;
				CLANG_WARN_DIRECT_OBJC_ISA_USAGE = YES_ERROR;
				CLANG_WARN_EMPTY_BODY = YES;
				CLANG_WARN_ENUM_CONVERSION = YES;
				CLANG_WARN_INFINITE_RECURSION = YES;
				CLANG_WARN_INT_CONVERSION = YES;
				CLANG_WARN_NON_LITERAL_NULL_CONVERSION = YES;
				CLANG_WARN_OBJC_IMPLICIT_RETAIN_SELF = YES;
				CLANG_WARN_OBJC_LITERAL_CONVERSION = YES;
				CLANG_WARN_OBJC_ROOT_CLASS = YES_ERROR;
				CLANG_WARN_RANGE_LOOP_ANALYSIS = YES;
				CLANG_WARN_STRICT_PROTOTYPES = YES;
				CLANG_WARN_SUSPICIOUS_MOVE = YES;
				CLANG_WARN_UNREACHABLE_CODE = YES;
				CLANG_WARN__DUPLICATE_METHOD_MATCH = YES;
				"CODE_SIGN_IDENTITY[sdk=iphoneos*]" = "iPhone Developer";
				COPY_PHASE_STRIP = NO;
				DEBUG_INFORMATION_FORMAT = "dwarf-with-dsym";
				ENABLE_STRICT_OBJC_MSGSEND = YES;
				ENABLE_TESTABILITY = YES;
				GCC_C_LANGUAGE_STANDARD = gnu99;
				GCC_DYNAMIC_NO_PIC = NO;
				GCC_NO_COMMON_BLOCKS = YES;
				GCC_OPTIMIZATION_LEVEL = 0;
				GCC_PREPROCESSOR_DEFINITIONS = (
					"DEBUG=1",
					"$(inherited)",
				);
				GCC_SYMBOLS_PRIVATE_EXTERN = NO;
				GCC_WARN_64_TO_32_BIT_CONVERSION = YES;
				GCC_WARN_ABOUT_RETURN_TYPE = YES_ERROR;
				GCC_WARN_UNDECLARED_SELECTOR = YES;
				GCC_WARN_UNINITIALIZED_AUTOS = YES_AGGRESSIVE;
				GCC_WARN_UNUSED_FUNCTION = YES;
				GCC_WARN_UNUSED_VARIABLE = YES;
				IPHONEOS_DEPLOYMENT_TARGET = 8.3;
				MTL_ENABLE_DEBUG_INFO = YES;
				ONLY_ACTIVE_ARCH = YES;
				SDKROOT = iphoneos;
				SWIFT_OPTIMIZATION_LEVEL = "-Onone";
				SWIFT_VERSION = 3.0;
			};
			name = Debug;
		};
		607FACEE1AFB9204008FA782 /* Release */ = {
			isa = XCBuildConfiguration;
			buildSettings = {
				ALWAYS_SEARCH_USER_PATHS = NO;
				CLANG_CXX_LANGUAGE_STANDARD = "gnu++0x";
				CLANG_CXX_LIBRARY = "libc++";
				CLANG_ENABLE_MODULES = YES;
				CLANG_ENABLE_OBJC_ARC = YES;
				CLANG_WARN_BLOCK_CAPTURE_AUTORELEASING = YES;
				CLANG_WARN_BOOL_CONVERSION = YES;
				CLANG_WARN_COMMA = YES;
				CLANG_WARN_CONSTANT_CONVERSION = YES;
				CLANG_WARN_DEPRECATED_OBJC_IMPLEMENTATIONS = YES;
				CLANG_WARN_DIRECT_OBJC_ISA_USAGE = YES_ERROR;
				CLANG_WARN_EMPTY_BODY = YES;
				CLANG_WARN_ENUM_CONVERSION = YES;
				CLANG_WARN_INFINITE_RECURSION = YES;
				CLANG_WARN_INT_CONVERSION = YES;
				CLANG_WARN_NON_LITERAL_NULL_CONVERSION = YES;
				CLANG_WARN_OBJC_IMPLICIT_RETAIN_SELF = YES;
				CLANG_WARN_OBJC_LITERAL_CONVERSION = YES;
				CLANG_WARN_OBJC_ROOT_CLASS = YES_ERROR;
				CLANG_WARN_RANGE_LOOP_ANALYSIS = YES;
				CLANG_WARN_STRICT_PROTOTYPES = YES;
				CLANG_WARN_SUSPICIOUS_MOVE = YES;
				CLANG_WARN_UNREACHABLE_CODE = YES;
				CLANG_WARN__DUPLICATE_METHOD_MATCH = YES;
				"CODE_SIGN_IDENTITY[sdk=iphoneos*]" = "iPhone Developer";
				COPY_PHASE_STRIP = NO;
				DEBUG_INFORMATION_FORMAT = "dwarf-with-dsym";
				ENABLE_NS_ASSERTIONS = NO;
				ENABLE_STRICT_OBJC_MSGSEND = YES;
				GCC_C_LANGUAGE_STANDARD = gnu99;
				GCC_NO_COMMON_BLOCKS = YES;
				GCC_WARN_64_TO_32_BIT_CONVERSION = YES;
				GCC_WARN_ABOUT_RETURN_TYPE = YES_ERROR;
				GCC_WARN_UNDECLARED_SELECTOR = YES;
				GCC_WARN_UNINITIALIZED_AUTOS = YES_AGGRESSIVE;
				GCC_WARN_UNUSED_FUNCTION = YES;
				GCC_WARN_UNUSED_VARIABLE = YES;
				IPHONEOS_DEPLOYMENT_TARGET = 8.3;
				MTL_ENABLE_DEBUG_INFO = NO;
				SDKROOT = iphoneos;
				SWIFT_COMPILATION_MODE = wholemodule;
				SWIFT_VERSION = 3.0;
				VALIDATE_PRODUCT = YES;
			};
			name = Release;
		};
		607FACF31AFB9204008FA782 /* Debug */ = {
			isa = XCBuildConfiguration;
			baseConfigurationReference = 40EBB9AB9919C8BE4513393C /* Pods-SwiftyMavenlink_Tests.debug.xcconfig */;
			buildSettings = {
				DEVELOPMENT_TEAM = 47UH3S589T;
				FRAMEWORK_SEARCH_PATHS = (
					"$(SDKROOT)/Developer/Library/Frameworks",
					"$(inherited)",
				);
				GCC_PREPROCESSOR_DEFINITIONS = (
					"DEBUG=1",
					"$(inherited)",
				);
				INFOPLIST_FILE = Tests/Info.plist;
				LD_RUNPATH_SEARCH_PATHS = "$(inherited) @executable_path/Frameworks @loader_path/Frameworks";
				PRODUCT_BUNDLE_IDENTIFIER = "org.cocoapods.$(PRODUCT_NAME:rfc1034identifier)";
				PRODUCT_NAME = "$(TARGET_NAME)";
				SWIFT_VERSION = 3.0;
			};
			name = Debug;
		};
		607FACF41AFB9204008FA782 /* Release */ = {
			isa = XCBuildConfiguration;
			baseConfigurationReference = 001A4B9B951269C94C6F160D /* Pods-SwiftyMavenlink_Tests.release.xcconfig */;
			buildSettings = {
				DEVELOPMENT_TEAM = 47UH3S589T;
				FRAMEWORK_SEARCH_PATHS = (
					"$(SDKROOT)/Developer/Library/Frameworks",
					"$(inherited)",
				);
				INFOPLIST_FILE = Tests/Info.plist;
				LD_RUNPATH_SEARCH_PATHS = "$(inherited) @executable_path/Frameworks @loader_path/Frameworks";
				PRODUCT_BUNDLE_IDENTIFIER = "org.cocoapods.$(PRODUCT_NAME:rfc1034identifier)";
				PRODUCT_NAME = "$(TARGET_NAME)";
				SWIFT_VERSION = 3.0;
			};
			name = Release;
		};
/* End XCBuildConfiguration section */

/* Begin XCConfigurationList section */
		607FACCB1AFB9204008FA782 /* Build configuration list for PBXProject "SwiftyMavenlink" */ = {
			isa = XCConfigurationList;
			buildConfigurations = (
				607FACED1AFB9204008FA782 /* Debug */,
				607FACEE1AFB9204008FA782 /* Release */,
			);
			defaultConfigurationIsVisible = 0;
			defaultConfigurationName = Release;
		};
		607FACF21AFB9204008FA782 /* Build configuration list for PBXNativeTarget "SwiftyMavenlink_Tests" */ = {
			isa = XCConfigurationList;
			buildConfigurations = (
				607FACF31AFB9204008FA782 /* Debug */,
				607FACF41AFB9204008FA782 /* Release */,
			);
			defaultConfigurationIsVisible = 0;
			defaultConfigurationName = Release;
		};
/* End XCConfigurationList section */
	};
	rootObject = 607FACC81AFB9204008FA782 /* Project object */;
}
